
Microsoft Visual Studio Solution File, Format Version 12.00
# Visual Studio Version 16
VisualStudioVersion = 16.0.29409.12
MinimumVisualStudioVersion = 10.0.40219.1
Project("{FAE04EC0-301F-11D3-BF4B-00C04F79EFBC}") = "DiplomnaCarProject", "DiplomnaCarProject\DiplomnaCarProject.csproj", "{1D18FC68-4F6E-49F1-833E-FABB3AEAD6EA}"
EndProject
Project("{FAE04EC0-301F-11D3-BF4B-00C04F79EFBC}") = "UnitTest", "UnitTest\UnitTest.csproj", "{73CE146A-600A-4040-88CD-B97485C9C3B1}"
EndProject
Global
	GlobalSection(SolutionConfigurationPlatforms) = preSolution
		Debug|Any CPU = Debug|Any CPU
		Release|Any CPU = Release|Any CPU
	EndGlobalSection
	GlobalSection(ProjectConfigurationPlatforms) = postSolution
		{1D18FC68-4F6E-49F1-833E-FABB3AEAD6EA}.Debug|Any CPU.ActiveCfg = Debug|Any CPU
		{1D18FC68-4F6E-49F1-833E-FABB3AEAD6EA}.Debug|Any CPU.Build.0 = Debug|Any CPU
		{1D18FC68-4F6E-49F1-833E-FABB3AEAD6EA}.Release|Any CPU.ActiveCfg = Release|Any CPU
		{1D18FC68-4F6E-49F1-833E-FABB3AEAD6EA}.Release|Any CPU.Build.0 = Release|Any CPU
		{73CE146A-600A-4040-88CD-B97485C9C3B1}.Debug|Any CPU.ActiveCfg = Debug|Any CPU
		{73CE146A-600A-4040-88CD-B97485C9C3B1}.Debug|Any CPU.Build.0 = Debug|Any CPU
		{73CE146A-600A-4040-88CD-B97485C9C3B1}.Release|Any CPU.ActiveCfg = Release|Any CPU
		{73CE146A-600A-4040-88CD-B97485C9C3B1}.Release|Any CPU.Build.0 = Release|Any CPU
	EndGlobalSection
	GlobalSection(SolutionProperties) = preSolution
		HideSolutionNode = FALSE
	EndGlobalSection
	GlobalSection(ExtensibilityGlobals) = postSolution
		SolutionGuid = {91342D13-6262-43F8-B77A-3E176E24B2FF}
	EndGlobalSection
EndGlobal
